{
  "nodes": {
    "emacs-23-4": {
      "flake": false,
      "locked": {
        "lastModified": 1327745215,
        "narHash": "sha256-OzqhctHmsk30IfS61czooF+1LShToeT614RtqrMNyJw=",
        "type": "tarball",
        "url": "https://ftp.gnu.org/gnu/emacs/emacs-23.4.tar.bz2"
      },
      "original": {
        "type": "tarball",
        "url": "https://ftp.gnu.org/gnu/emacs/emacs-23.4.tar.bz2"
      }
    },
    "emacs-24-1": {
      "flake": false,
      "locked": {
        "lastModified": 1339314132,
        "narHash": "sha256-UVWKuXneNHq1zJtkGo6eLacUl5MdEbCBL68a8NcYEWk=",
        "type": "tarball",
        "url": "https://ftp.gnu.org/gnu/emacs/emacs-24.1.tar.bz2"
      },
      "original": {
        "type": "tarball",
        "url": "https://ftp.gnu.org/gnu/emacs/emacs-24.1.tar.bz2"
      }
    },
    "emacs-24-2": {
      "flake": false,
      "locked": {
        "lastModified": 1345802694,
        "narHash": "sha256-zdhQvRQs1ty4b8E4Khf10dCv+iGNuVl4FDCtUFqt2bI=",
        "type": "tarball",
        "url": "https://ftp.gnu.org/gnu/emacs/emacs-24.2.tar.xz"
      },
      "original": {
        "type": "tarball",
        "url": "https://ftp.gnu.org/gnu/emacs/emacs-24.2.tar.xz"
      }
    },
    "emacs-24-3": {
      "flake": false,
      "locked": {
        "lastModified": 1362881991,
        "narHash": "sha256-kANCrStnnt/0Mxt5qV94iKwcXGgFqqhJVUwRSAC0ez4=",
        "type": "tarball",
        "url": "https://ftp.gnu.org/gnu/emacs/emacs-24.3.tar.xz"
      },
      "original": {
        "type": "tarball",
        "url": "https://ftp.gnu.org/gnu/emacs/emacs-24.3.tar.xz"
      }
    },
    "emacs-24-4": {
      "flake": false,
      "locked": {
        "lastModified": 1413561646,
        "narHash": "sha256-WDPY5n3pMF7o4noS941GLDQ2zFKa8PvDkWjeMw0Wsm0=",
        "type": "tarball",
        "url": "https://ftp.gnu.org/gnu/emacs/emacs-24.4.tar.xz"
      },
      "original": {
        "type": "tarball",
        "url": "https://ftp.gnu.org/gnu/emacs/emacs-24.4.tar.xz"
      }
    },
    "emacs-24-5": {
      "flake": false,
      "locked": {
        "lastModified": 1428525589,
        "narHash": "sha256-jb801XX+fMvQ5OBYKpjPPsqAcqgaeYKPRfeZIP8R/rc=",
        "type": "tarball",
        "url": "https://ftp.gnu.org/gnu/emacs/emacs-24.5.tar.xz"
      },
      "original": {
        "type": "tarball",
        "url": "https://ftp.gnu.org/gnu/emacs/emacs-24.5.tar.xz"
      }
    },
    "emacs-25-1": {
      "flake": false,
      "locked": {
        "lastModified": 1473975009,
        "narHash": "sha256-7Fetj4i8K3C1hRJ4AD9r6QPDh/ZSN+UKAvdhBhVOS+g=",
        "owner": "emacs-mirror",
        "repo": "emacs",
        "rev": "f0eb70d8935be90f7c03e187c12d9b60e7214cc6",
        "type": "github"
      },
      "original": {
        "owner": "emacs-mirror",
        "ref": "emacs-25.1",
        "repo": "emacs",
        "type": "github"
      }
    },
    "emacs-25-2": {
      "flake": false,
      "locked": {
        "lastModified": 1492702151,
        "narHash": "sha256-VAymrrlyNBxyMrk68z+IkptcSVzy2whUcB/+NmvCIGU=",
        "owner": "emacs-mirror",
        "repo": "emacs",
        "rev": "3a34412caae002accd0fc7a7fc0b718c2f34159b",
        "type": "github"
      },
      "original": {
        "owner": "emacs-mirror",
        "ref": "emacs-25.2",
        "repo": "emacs",
        "type": "github"
      }
    },
    "emacs-25-3": {
      "flake": false,
      "locked": {
        "lastModified": 1505243110,
        "narHash": "sha256-JCQtXv+mLyBuZy3kj5lDEaNCTd8Fc9ZCWSHRdf0Fboc=",
        "owner": "emacs-mirror",
        "repo": "emacs",
        "rev": "bd299e7629b76c6d4f053dd9c8fb94987f63b460",
        "type": "github"
      },
      "original": {
        "owner": "emacs-mirror",
        "ref": "emacs-25.3",
        "repo": "emacs",
        "type": "github"
      }
    },
    "emacs-26-1": {
      "flake": false,
      "locked": {
        "lastModified": 1527266287,
        "narHash": "sha256-NF88gSiQIjdiFtDMirZOGIvGtvETXVFq7hFyb6l8BVo=",
        "owner": "emacs-mirror",
        "repo": "emacs",
        "rev": "07f8f9bc5a51f5aa94eb099f3e15fbe0c20ea1ea",
        "type": "github"
      },
      "original": {
        "owner": "emacs-mirror",
        "ref": "emacs-26.1",
        "repo": "emacs",
        "type": "github"
      }
    },
    "emacs-26-2": {
      "flake": false,
      "locked": {
        "lastModified": 1555012786,
        "narHash": "sha256-EmveGvoSBNVagjOgTyiKlpASougViF9i38UK1tRPlnI=",
        "owner": "emacs-mirror",
        "repo": "emacs",
        "rev": "fd1b34bfba8f3f6298df47c8e10b61530426f749",
        "type": "github"
      },
      "original": {
        "owner": "emacs-mirror",
        "ref": "emacs-26.2",
        "repo": "emacs",
        "type": "github"
      }
    },
    "emacs-26-3": {
      "flake": false,
      "locked": {
        "lastModified": 1566427213,
        "narHash": "sha256-pRkH9sebx+cW0OSlgDvRwewtByBHsbxQD7Jeo1/7umg=",
        "owner": "emacs-mirror",
        "repo": "emacs",
        "rev": "96dd0196c28bc36779584e47fffcca433c9309cd",
        "type": "github"
      },
      "original": {
        "owner": "emacs-mirror",
        "ref": "emacs-26.3",
        "repo": "emacs",
        "type": "github"
      }
    },
    "emacs-27-1": {
      "flake": false,
      "locked": {
        "lastModified": 1596571524,
        "narHash": "sha256-eo5aY+KYGJdgZbSTrINBx8QtELs5htWqH6o7k5yeoMQ=",
        "owner": "emacs-mirror",
        "repo": "emacs",
        "rev": "86d8d76aa36037184db0b2897c434cdaab1a9ae8",
        "type": "github"
      },
      "original": {
        "owner": "emacs-mirror",
        "ref": "emacs-27.1",
        "repo": "emacs",
        "type": "github"
      }
    },
    "emacs-27-2": {
      "flake": false,
      "locked": {
        "lastModified": 1616138214,
        "narHash": "sha256-GqkXX1RH98xGHP9If2kMsswEyOdy8OUSPEXOZG+nsVw=",
        "owner": "emacs-mirror",
        "repo": "emacs",
        "rev": "deef5efafb70f4b171265b896505b92b6eef24e6",
        "type": "github"
      },
      "original": {
        "owner": "emacs-mirror",
        "ref": "emacs-27.2",
        "repo": "emacs",
        "type": "github"
      }
    },
    "emacs-28-1": {
      "flake": false,
      "locked": {
        "lastModified": 1648988762,
        "narHash": "sha256-D33wnlxhx0LyG9WZaQDj2II3tG0HcJdZTC4dSA3lrgY=",
        "owner": "emacs-mirror",
        "repo": "emacs",
        "rev": "5a223c7f2ef4c31abbd46367b6ea83cd19d30aa7",
        "type": "github"
      },
      "original": {
        "owner": "emacs-mirror",
        "ref": "emacs-28.1",
        "repo": "emacs",
        "type": "github"
      }
    },
    "emacs-28-2": {
      "flake": false,
      "locked": {
        "lastModified": 1662943631,
        "narHash": "sha256-4oSLcUDR0MOEt53QOiZSVU8kPJ67GwugmBxdX3F15Ag=",
        "owner": "emacs-mirror",
        "repo": "emacs",
        "rev": "739b5d0e52d83ec567bd61a5a49ac0e93e0eb469",
        "type": "github"
      },
      "original": {
        "owner": "emacs-mirror",
        "ref": "emacs-28.2",
        "repo": "emacs",
        "type": "github"
      }
    },
    "emacs-29-1": {
      "flake": false,
      "locked": {
        "lastModified": 1690697509,
        "narHash": "sha256-3HDCwtOKvkXwSULf3W7YgTz4GV8zvYnh2RrL28qzGKg=",
        "owner": "emacs-mirror",
        "repo": "emacs",
        "rev": "a9b28224af0f73d1fe0f422e9b318c5b91af889b",
        "type": "github"
      },
      "original": {
        "owner": "emacs-mirror",
        "ref": "emacs-29.1",
        "repo": "emacs",
        "type": "github"
      }
    },
    "emacs-29-2": {
      "flake": false,
      "locked": {
        "lastModified": 1705573064,
        "narHash": "sha256-qSQmQzVyEGSr4GAI6rqnEwBvhl09D2D8MNasHqZQPL8=",
        "owner": "emacs-mirror",
        "repo": "emacs",
        "rev": "ef01b634d219bcceda17dcd61024c7a12173b88c",
        "type": "github"
      },
      "original": {
        "owner": "emacs-mirror",
        "ref": "emacs-29.2",
        "repo": "emacs",
        "type": "github"
      }
    },
    "emacs-29-3": {
      "flake": false,
      "locked": {
        "lastModified": 1711287423,
        "narHash": "sha256-4yN81djeKb9Hlr6MvaDdXqf4XOl0oolXEYGqkA+KUO0=",
        "owner": "emacs-mirror",
        "repo": "emacs",
        "rev": "ae8f815613c2e072e92aa8fe7b4bcf2fdabc7408",
        "type": "github"
      },
      "original": {
        "owner": "emacs-mirror",
        "ref": "emacs-29.3",
        "repo": "emacs",
        "type": "github"
      }
    },
    "emacs-29-4": {
      "flake": false,
      "locked": {
        "lastModified": 1719073086,
        "narHash": "sha256-FCP6ySkN9mAdp2T09n6foS2OciqZXc/54guRZ0B4Z2s=",
        "owner": "emacs-mirror",
        "repo": "emacs",
        "rev": "6a299b3caceb2c73b932ba73849738faa8c5d975",
        "type": "github"
      },
      "original": {
        "owner": "emacs-mirror",
        "ref": "emacs-29.4",
        "repo": "emacs",
        "type": "github"
      }
    },
    "emacs-30-1": {
      "flake": false,
      "locked": {
        "lastModified": 1740328257,
        "narHash": "sha256-wBuWLuFzwB77FqAYAUuNe3CuJFutjqp0XGt5srt7jAo=",
        "owner": "emacs-mirror",
        "repo": "emacs",
        "rev": "8ac894e2246f25d2a2a97d866b10e6e0b0fede5a",
        "type": "github"
      },
      "original": {
        "owner": "emacs-mirror",
        "ref": "emacs-30.1",
        "repo": "emacs",
        "type": "github"
      }
    },
    "emacs-release-snapshot": {
      "flake": false,
      "locked": {
        "lastModified": 1751216901,
        "narHash": "sha256-8eaNJy3TpjBE7pYV/IQOhV/ypLmGaBPoHvanQ2ePiwY=",
        "owner": "emacs-mirror",
        "repo": "emacs",
        "rev": "db6cbee742ff45bbd52a86cc1823386879beb7e6",
        "type": "github"
      },
      "original": {
        "owner": "emacs-mirror",
        "ref": "emacs-30",
        "repo": "emacs",
        "type": "github"
      }
    },
    "emacs-snapshot": {
      "flake": false,
      "locked": {
        "lastModified": 1751258235,
        "narHash": "sha256-yZC4BSLS8xUS/zvswXts6oS/ka5WoSO/1tqGcDeC2S0=",
        "owner": "emacs-mirror",
        "repo": "emacs",
        "rev": "17d976e22e9b0ba10dcbe1655a93bc4d165d7097",
        "type": "github"
      },
      "original": {
        "owner": "emacs-mirror",
        "repo": "emacs",
        "type": "github"
      }
    },
    "flake-compat": {
      "flake": false,
      "locked": {
        "lastModified": 1673956053,
        "narHash": "sha256-4gtG9iQuiKITOjNQQeQIpoIB6b16fm+504Ch3sNKLd8=",
        "owner": "edolstra",
        "repo": "flake-compat",
        "rev": "35bb57c0c8d8b62bbfd284272c928ceb64ddbde9",
        "type": "github"
      },
      "original": {
        "owner": "edolstra",
        "repo": "flake-compat",
        "type": "github"
      }
    },
    "flake-utils": {
      "inputs": {
        "systems": "systems"
      },
      "locked": {
        "lastModified": 1687709756,
        "narHash": "sha256-Y5wKlQSkgEK2weWdOu4J3riRd+kV/VCgHsqLNTTWQ/0=",
        "owner": "numtide",
        "repo": "flake-utils",
        "rev": "dbabf0ca0c0c4bce6ea5eaf65af5cb694d2082c7",
        "type": "github"
      },
      "original": {
        "id": "flake-utils",
        "type": "indirect"
      }
    },
    "nixpkgs": {
      "locked": {
        "lastModified": 1748662220,
        "narHash": "sha256-7gGa49iB9nCnFk4h/g9zwjlQAyjtpgcFkODjcOQS0Es=",
        "owner": "NixOS",
        "repo": "nixpkgs",
        "rev": "59138c7667b7970d205d6a05a8bfa2d78caa3643",
        "type": "github"
      },
      "original": {
        "id": "nixpkgs",
        "ref": "nixpkgs-unstable",
        "type": "indirect"
      }
    },
    "root": {
      "inputs": {
        "emacs-23-4": "emacs-23-4",
        "emacs-24-1": "emacs-24-1",
        "emacs-24-2": "emacs-24-2",
        "emacs-24-3": "emacs-24-3",
        "emacs-24-4": "emacs-24-4",
        "emacs-24-5": "emacs-24-5",
        "emacs-25-1": "emacs-25-1",
        "emacs-25-2": "emacs-25-2",
        "emacs-25-3": "emacs-25-3",
        "emacs-26-1": "emacs-26-1",
        "emacs-26-2": "emacs-26-2",
        "emacs-26-3": "emacs-26-3",
        "emacs-27-1": "emacs-27-1",
        "emacs-27-2": "emacs-27-2",
        "emacs-28-1": "emacs-28-1",
        "emacs-28-2": "emacs-28-2",
        "emacs-29-1": "emacs-29-1",
        "emacs-29-2": "emacs-29-2",
        "emacs-29-3": "emacs-29-3",
        "emacs-29-4": "emacs-29-4",
        "emacs-30-1": "emacs-30-1",
        "emacs-release-snapshot": "emacs-release-snapshot",
        "emacs-snapshot": "emacs-snapshot",
        "flake-compat": "flake-compat",
        "flake-utils": "flake-utils",
        "nixpkgs": "nixpkgs"
      }
    },
    "systems": {
      "locked": {
        "lastModified": 1681028828,
        "narHash": "sha256-Vy1rq5AaRuLzOxct8nz4T6wlgyUR7zLU309k9mBC768=",
        "owner": "nix-systems",
        "repo": "default",
        "rev": "da67096a3b9bf56a91d16901293e51ba5b49a27e",
        "type": "github"
      },
      "original": {
        "owner": "nix-systems",
        "repo": "default",
        "type": "github"
      }
    }
  },
  "root": "root",
  "version": 7
}
