{
  "nodes": {
    "emacs-23-4": {
      "flake": false,
      "locked": {
        "narHash": "sha256-OzqhctHmsk30IfS61czooF+1LShToeT614RtqrMNyJw=",
        "type": "tarball",
        "url": "https://ftp.gnu.org/gnu/emacs/emacs-23.4.tar.bz2"
      },
      "original": {
        "type": "tarball",
        "url": "https://ftp.gnu.org/gnu/emacs/emacs-23.4.tar.bz2"
      }
    },
    "emacs-24-1": {
      "flake": false,
      "locked": {
        "narHash": "sha256-UVWKuXneNHq1zJtkGo6eLacUl5MdEbCBL68a8NcYEWk=",
        "type": "tarball",
        "url": "https://ftp.gnu.org/gnu/emacs/emacs-24.1.tar.bz2"
      },
      "original": {
        "type": "tarball",
        "url": "https://ftp.gnu.org/gnu/emacs/emacs-24.1.tar.bz2"
      }
    },
    "emacs-24-2": {
      "flake": false,
      "locked": {
        "narHash": "sha256-zdhQvRQs1ty4b8E4Khf10dCv+iGNuVl4FDCtUFqt2bI=",
        "type": "tarball",
        "url": "https://ftp.gnu.org/gnu/emacs/emacs-24.2.tar.xz"
      },
      "original": {
        "type": "tarball",
        "url": "https://ftp.gnu.org/gnu/emacs/emacs-24.2.tar.xz"
      }
    },
    "emacs-24-3": {
      "flake": false,
      "locked": {
        "narHash": "sha256-kANCrStnnt/0Mxt5qV94iKwcXGgFqqhJVUwRSAC0ez4=",
        "type": "tarball",
        "url": "https://ftp.gnu.org/gnu/emacs/emacs-24.3.tar.xz"
      },
      "original": {
        "type": "tarball",
        "url": "https://ftp.gnu.org/gnu/emacs/emacs-24.3.tar.xz"
      }
    },
    "emacs-24-4": {
      "flake": false,
      "locked": {
        "narHash": "sha256-WDPY5n3pMF7o4noS941GLDQ2zFKa8PvDkWjeMw0Wsm0=",
        "type": "tarball",
        "url": "https://ftp.gnu.org/gnu/emacs/emacs-24.4.tar.xz"
      },
      "original": {
        "type": "tarball",
        "url": "https://ftp.gnu.org/gnu/emacs/emacs-24.4.tar.xz"
      }
    },
    "emacs-24-5": {
      "flake": false,
      "locked": {
        "narHash": "sha256-jb801XX+fMvQ5OBYKpjPPsqAcqgaeYKPRfeZIP8R/rc=",
        "type": "tarball",
        "url": "https://ftp.gnu.org/gnu/emacs/emacs-24.5.tar.xz"
      },
      "original": {
        "type": "tarball",
        "url": "https://ftp.gnu.org/gnu/emacs/emacs-24.5.tar.xz"
      }
    },
    "emacs-25-1": {
      "flake": false,
      "locked": {
        "narHash": "sha256-Lxgh6MOMYYaenkgwFiFw4SZOxkGk+q/4bDv3B8rAAWM=",
        "type": "tarball",
        "url": "https://ftp.gnu.org/gnu/emacs/emacs-25.1.tar.xz"
      },
      "original": {
        "type": "tarball",
        "url": "https://ftp.gnu.org/gnu/emacs/emacs-25.1.tar.xz"
      }
    },
    "emacs-25-2": {
      "flake": false,
      "locked": {
        "narHash": "sha256-L+Tgth/sI7aI+xQOu5iRWxhaivsK6BcmNB7wV1bUzg0=",
        "type": "tarball",
        "url": "https://ftp.gnu.org/gnu/emacs/emacs-25.2.tar.xz"
      },
      "original": {
        "type": "tarball",
        "url": "https://ftp.gnu.org/gnu/emacs/emacs-25.2.tar.xz"
      }
    },
    "emacs-25-3": {
      "flake": false,
      "locked": {
        "narHash": "sha256-1czqSKUzuoJc+WBwpojicwpZE6VKnAqNJt2V04k2ifc=",
        "type": "tarball",
        "url": "https://ftp.gnu.org/gnu/emacs/emacs-25.3.tar.xz"
      },
      "original": {
        "type": "tarball",
        "url": "https://ftp.gnu.org/gnu/emacs/emacs-25.3.tar.xz"
      }
    },
    "emacs-26-1": {
      "flake": false,
      "locked": {
        "narHash": "sha256-amsPbiVbko/Qvsw2cfJdkhq0UHGjhn5uyLN0MEeMq20=",
        "type": "tarball",
        "url": "https://ftp.gnu.org/gnu/emacs/emacs-26.1.tar.xz"
      },
      "original": {
        "type": "tarball",
        "url": "https://ftp.gnu.org/gnu/emacs/emacs-26.1.tar.xz"
      }
    },
    "emacs-26-2": {
      "flake": false,
      "locked": {
        "narHash": "sha256-AvO73gk6Tb+aDARgbgAq6RVz71wBSxh12RrnrD/3TM0=",
        "type": "tarball",
        "url": "https://ftp.gnu.org/gnu/emacs/emacs-26.2.tar.xz"
      },
      "original": {
        "type": "tarball",
        "url": "https://ftp.gnu.org/gnu/emacs/emacs-26.2.tar.xz"
      }
    },
    "emacs-26-3": {
      "flake": false,
      "locked": {
        "narHash": "sha256-iYPYrf/6Cd6wozabn2D/bj9M591vLqO84uPyj3ZN/+I=",
        "type": "tarball",
        "url": "https://ftp.gnu.org/gnu/emacs/emacs-26.3.tar.xz"
      },
      "original": {
        "type": "tarball",
        "url": "https://ftp.gnu.org/gnu/emacs/emacs-26.3.tar.xz"
      }
    },
    "emacs-27-1": {
      "flake": false,
      "locked": {
        "narHash": "sha256-oADGvqBASpU8Q512c+PPF1pwm1/tg2oo2a30ghJ2xVQ=",
        "type": "tarball",
        "url": "https://ftp.gnu.org/gnu/emacs/emacs-27.1.tar.xz"
      },
      "original": {
        "type": "tarball",
        "url": "https://ftp.gnu.org/gnu/emacs/emacs-27.1.tar.xz"
      }
    },
    "emacs-27-2": {
      "flake": false,
      "locked": {
        "narHash": "sha256-BaLVKUHuxGuO3F+/YRQ8DCe8FkR/fkoJIh6p4xbF4m0=",
        "type": "tarball",
        "url": "https://ftp.gnu.org/gnu/emacs/emacs-27.2.tar.xz"
      },
      "original": {
        "type": "tarball",
        "url": "https://ftp.gnu.org/gnu/emacs/emacs-27.2.tar.xz"
      }
    },
    "emacs-28-1": {
      "flake": false,
      "locked": {
        "narHash": "sha256-EGuOesE+gq6wzF4qiqdBQhPm+TGzZnJ/sHxkd4Liz4s=",
        "type": "tarball",
        "url": "https://ftp.gnu.org/gnu/emacs/emacs-28.1.tar.xz"
      },
      "original": {
        "type": "tarball",
        "url": "https://ftp.gnu.org/gnu/emacs/emacs-28.1.tar.xz"
      }
    },
    "emacs-28-2": {
      "flake": false,
      "locked": {
        "narHash": "sha256-+Tmn3gJ+7536KehS3QUGRWFc0ic7xZI/KDl63n/yEp4=",
        "type": "tarball",
        "url": "https://ftp.gnu.org/gnu/emacs/emacs-28.2.tar.xz"
      },
      "original": {
        "type": "tarball",
        "url": "https://ftp.gnu.org/gnu/emacs/emacs-28.2.tar.xz"
      }
    },
    "emacs-29-1": {
      "flake": false,
      "locked": {
        "narHash": "sha256-C7920QvXQvrqUNAScIb++H1+3CC54ppPby+/hh6+yo0=",
        "type": "tarball",
        "url": "https://ftp.gnu.org/gnu/emacs/emacs-29.1.tar.xz"
      },
      "original": {
        "type": "tarball",
        "url": "https://ftp.gnu.org/gnu/emacs/emacs-29.1.tar.xz"
      }
    },
    "emacs-29-2": {
      "flake": false,
      "locked": {
        "lastModified": 1705573161,
        "narHash": "sha256-P589A1XNkmj4ODOXosk1sNkUGJsHSgQtIfWsNjCd+eI=",
        "type": "tarball",
        "url": "https://ftp.gnu.org/gnu/emacs/emacs-29.2.tar.xz"
      },
      "original": {
        "type": "tarball",
        "url": "https://ftp.gnu.org/gnu/emacs/emacs-29.2.tar.xz"
      }
    },
    "emacs-release-snapshot": {
      "flake": false,
      "locked": {
        "lastModified": 1705269561,
        "narHash": "sha256-RyLAV4LTza6YImxnvWlzNMStrq/ShxkgRKuDUWYh6Lk=",
        "owner": "emacs-mirror",
        "repo": "emacs",
        "rev": "5bb5590dec95e813ed120b3f09734451b4ebb18f",
        "type": "github"
      },
      "original": {
        "owner": "emacs-mirror",
        "ref": "emacs-29",
        "repo": "emacs",
        "type": "github"
      }
    },
    "emacs-snapshot": {
      "flake": false,
      "locked": {
        "lastModified": 1705300346,
        "narHash": "sha256-SZrlUWWhpCeDkia4/8mPgt1kPziZ/xBbx64LZrgxJpY=",
        "owner": "emacs-mirror",
        "repo": "emacs",
        "rev": "c11cdf1858cc89464cd7118d6109c7472c50e652",
        "type": "github"
      },
      "original": {
        "owner": "emacs-mirror",
        "repo": "emacs",
        "type": "github"
      }
    },
    "flake-compat": {
      "flake": false,
      "locked": {
        "lastModified": 1673956053,
        "narHash": "sha256-4gtG9iQuiKITOjNQQeQIpoIB6b16fm+504Ch3sNKLd8=",
        "owner": "edolstra",
        "repo": "flake-compat",
        "rev": "35bb57c0c8d8b62bbfd284272c928ceb64ddbde9",
        "type": "github"
      },
      "original": {
        "owner": "edolstra",
        "repo": "flake-compat",
        "type": "github"
      }
    },
    "flake-utils": {
      "inputs": {
        "systems": "systems"
      },
      "locked": {
        "lastModified": 1687709756,
        "narHash": "sha256-Y5wKlQSkgEK2weWdOu4J3riRd+kV/VCgHsqLNTTWQ/0=",
        "owner": "numtide",
        "repo": "flake-utils",
        "rev": "dbabf0ca0c0c4bce6ea5eaf65af5cb694d2082c7",
        "type": "github"
      },
      "original": {
        "id": "flake-utils",
        "type": "indirect"
      }
    },
    "nixpkgs": {
      "locked": {
        "lastModified": 1705403940,
        "narHash": "sha256-bl7E3w35Bleiexg01WsN0RuAQEL23HaQeNBC2zjt+9w=",
        "owner": "NixOS",
        "repo": "nixpkgs",
        "rev": "f0326542989e1bdac955ad6269b334a8da4b0c95",
        "type": "github"
      },
      "original": {
        "id": "nixpkgs",
        "ref": "nixpkgs-unstable",
        "type": "indirect"
      }
    },
    "root": {
      "inputs": {
        "emacs-23-4": "emacs-23-4",
        "emacs-24-1": "emacs-24-1",
        "emacs-24-2": "emacs-24-2",
        "emacs-24-3": "emacs-24-3",
        "emacs-24-4": "emacs-24-4",
        "emacs-24-5": "emacs-24-5",
        "emacs-25-1": "emacs-25-1",
        "emacs-25-2": "emacs-25-2",
        "emacs-25-3": "emacs-25-3",
        "emacs-26-1": "emacs-26-1",
        "emacs-26-2": "emacs-26-2",
        "emacs-26-3": "emacs-26-3",
        "emacs-27-1": "emacs-27-1",
        "emacs-27-2": "emacs-27-2",
        "emacs-28-1": "emacs-28-1",
        "emacs-28-2": "emacs-28-2",
        "emacs-29-1": "emacs-29-1",
        "emacs-29-2": "emacs-29-2",
        "emacs-release-snapshot": "emacs-release-snapshot",
        "emacs-snapshot": "emacs-snapshot",
        "flake-compat": "flake-compat",
        "flake-utils": "flake-utils",
        "nixpkgs": "nixpkgs"
      }
    },
    "systems": {
      "locked": {
        "lastModified": 1681028828,
        "narHash": "sha256-Vy1rq5AaRuLzOxct8nz4T6wlgyUR7zLU309k9mBC768=",
        "owner": "nix-systems",
        "repo": "default",
        "rev": "da67096a3b9bf56a91d16901293e51ba5b49a27e",
        "type": "github"
      },
      "original": {
        "owner": "nix-systems",
        "repo": "default",
        "type": "github"
      }
    }
  },
  "root": "root",
  "version": 7
}
